
Microsoft Visual Studio Solution File, Format Version 12.00
# Visual Studio Version 17
VisualStudioVersion = 17.4.33213.308
MinimumVisualStudioVersion = 10.0.40219.1
Project("{FAE04EC0-301F-11D3-BF4B-00C04F79EFBC}") = "ConsoleApp1", "ConsoleApp1\ConsoleApp1.csproj", "{EE476BE4-10C0-4D1A-AD14-693E04045DEE}"
EndProject
Global
	GlobalSection(SolutionConfigurationPlatforms) = preSolution
		Debug|Any CPU = Debug|Any CPU
		Release|Any CPU = Release|Any CPU
	EndGlobalSection
	GlobalSection(ProjectConfigurationPlatforms) = postSolution
		{EE476BE4-10C0-4D1A-AD14-693E04045DEE}.Debug|Any CPU.ActiveCfg = Debug|Any CPU
		{EE476BE4-10C0-4D1A-AD14-693E04045DEE}.Debug|Any CPU.Build.0 = Debug|Any CPU
		{EE476BE4-10C0-4D1A-AD14-693E04045DEE}.Release|Any CPU.ActiveCfg = Release|Any CPU
		{EE476BE4-10C0-4D1A-AD14-693E04045DEE}.Release|Any CPU.Build.0 = Release|Any CPU
	EndGlobalSection
	GlobalSection(SolutionProperties) = preSolution
		HideSolutionNode = FALSE
	EndGlobalSection
	GlobalSection(ExtensibilityGlobals) = postSolution
		SolutionGuid = {AA380221-27D9-40BC-8442-F9FBC3D30267}
	EndGlobalSection
EndGlobal
